
Microsoft Visual Studio Solution File, Format Version 12.00
# Visual Studio Version 16
VisualStudioVersion = 16.0.30204.135
MinimumVisualStudioVersion = 10.0.40219.1
Project("{FAE04EC0-301F-11D3-BF4B-00C04F79EFBC}") = "TestBarDg", "TestBarDg\TestBarDg.csproj", "{9FA34750-AC00-4DF9-B5D4-E0B9BE8F57BB}"
EndProject
Global
	GlobalSection(SolutionConfigurationPlatforms) = preSolution
		Debug|Any CPU = Debug|Any CPU
		Release|Any CPU = Release|Any CPU
	EndGlobalSection
	GlobalSection(ProjectConfigurationPlatforms) = postSolution
		{9FA34750-AC00-4DF9-B5D4-E0B9BE8F57BB}.Debug|Any CPU.ActiveCfg = Debug|Any CPU
		{9FA34750-AC00-4DF9-B5D4-E0B9BE8F57BB}.Debug|Any CPU.Build.0 = Debug|Any CPU
		{9FA34750-AC00-4DF9-B5D4-E0B9BE8F57BB}.Release|Any CPU.ActiveCfg = Release|Any CPU
		{9FA34750-AC00-4DF9-B5D4-E0B9BE8F57BB}.Release|Any CPU.Build.0 = Release|Any CPU
	EndGlobalSection
	GlobalSection(SolutionProperties) = preSolution
		HideSolutionNode = FALSE
	EndGlobalSection
	GlobalSection(ExtensibilityGlobals) = postSolution
		SolutionGuid = {2E4914FB-52F0-4775-BEB0-A28F6E39183D}
	EndGlobalSection
EndGlobal
